
Microsoft Visual Studio Solution File, Format Version 12.00
# Visual Studio 15
VisualStudioVersion = 15.0.27703.2042
MinimumVisualStudioVersion = 10.0.40219.1
Project("{8BC9CEB8-8B4A-11D0-8D11-00A0C91BC942}") = "Rumble3D", "Rumble3D\Rumble3D.vcxproj", "{25A2AD93-2B9C-4E47-984E-6B0292DC8122}"
EndProject
Project("{8BC9CEB8-8B4A-11D0-8D11-00A0C91BC942}") = "Test", "Test\Test.vcxproj", "{4EBE2006-E65A-4C4B-8C6F-A9B0EBB10096}"
	ProjectSection(ProjectDependencies) = postProject
		{6CD6ED46-8E97-4457-8216-BCBE30843230} = {6CD6ED46-8E97-4457-8216-BCBE30843230}
		{25A2AD93-2B9C-4E47-984E-6B0292DC8122} = {25A2AD93-2B9C-4E47-984E-6B0292DC8122}
	EndProjectSection
EndProject
Project("{8BC9CEB8-8B4A-11D0-8D11-00A0C91BC942}") = "Example", "Example\Example.vcxproj", "{6A2FE188-52C8-4B13-A3FF-D25EB73E88E4}"
	ProjectSection(ProjectDependencies) = postProject
		{25A2AD93-2B9C-4E47-984E-6B0292DC8122} = {25A2AD93-2B9C-4E47-984E-6B0292DC8122}
	EndProjectSection
EndProject
Project("{8BC9CEB8-8B4A-11D0-8D11-00A0C91BC942}") = "UnitTest++", "External\UnitTest++\UnitTest++.vcxproj", "{6CD6ED46-8E97-4457-8216-BCBE30843230}"
EndProject
Global
	GlobalSection(SolutionConfigurationPlatforms) = preSolution
		Debug|x64 = Debug|x64
		Debug|x86 = Debug|x86
		MinSizeRel|x64 = MinSizeRel|x64
		MinSizeRel|x86 = MinSizeRel|x86
		Release|x64 = Release|x64
		Release|x86 = Release|x86
		RelWithDebInfo|x64 = RelWithDebInfo|x64
		RelWithDebInfo|x86 = RelWithDebInfo|x86
	EndGlobalSection
	GlobalSection(ProjectConfigurationPlatforms) = postSolution
		{25A2AD93-2B9C-4E47-984E-6B0292DC8122}.Debug|x64.ActiveCfg = Debug|x64
		{25A2AD93-2B9C-4E47-984E-6B0292DC8122}.Debug|x64.Build.0 = Debug|x64
		{25A2AD93-2B9C-4E47-984E-6B0292DC8122}.Debug|x86.ActiveCfg = Debug|Win32
		{25A2AD93-2B9C-4E47-984E-6B0292DC8122}.Debug|x86.Build.0 = Debug|Win32
		{25A2AD93-2B9C-4E47-984E-6B0292DC8122}.MinSizeRel|x64.ActiveCfg = Release|x64
		{25A2AD93-2B9C-4E47-984E-6B0292DC8122}.MinSizeRel|x64.Build.0 = Release|x64
		{25A2AD93-2B9C-4E47-984E-6B0292DC8122}.MinSizeRel|x86.ActiveCfg = Release|Win32
		{25A2AD93-2B9C-4E47-984E-6B0292DC8122}.MinSizeRel|x86.Build.0 = Release|Win32
		{25A2AD93-2B9C-4E47-984E-6B0292DC8122}.Release|x64.ActiveCfg = Release|x64
		{25A2AD93-2B9C-4E47-984E-6B0292DC8122}.Release|x64.Build.0 = Release|x64
		{25A2AD93-2B9C-4E47-984E-6B0292DC8122}.Release|x86.ActiveCfg = Release|Win32
		{25A2AD93-2B9C-4E47-984E-6B0292DC8122}.Release|x86.Build.0 = Release|Win32
		{25A2AD93-2B9C-4E47-984E-6B0292DC8122}.RelWithDebInfo|x64.ActiveCfg = Release|x64
		{25A2AD93-2B9C-4E47-984E-6B0292DC8122}.RelWithDebInfo|x64.Build.0 = Release|x64
		{25A2AD93-2B9C-4E47-984E-6B0292DC8122}.RelWithDebInfo|x86.ActiveCfg = Release|Win32
		{25A2AD93-2B9C-4E47-984E-6B0292DC8122}.RelWithDebInfo|x86.Build.0 = Release|Win32
		{4EBE2006-E65A-4C4B-8C6F-A9B0EBB10096}.Debug|x64.ActiveCfg = Debug|x64
		{4EBE2006-E65A-4C4B-8C6F-A9B0EBB10096}.Debug|x64.Build.0 = Debug|x64
		{4EBE2006-E65A-4C4B-8C6F-A9B0EBB10096}.Debug|x86.ActiveCfg = Debug|Win32
		{4EBE2006-E65A-4C4B-8C6F-A9B0EBB10096}.Debug|x86.Build.0 = Debug|Win32
		{4EBE2006-E65A-4C4B-8C6F-A9B0EBB10096}.MinSizeRel|x64.ActiveCfg = Release|x64
		{4EBE2006-E65A-4C4B-8C6F-A9B0EBB10096}.MinSizeRel|x64.Build.0 = Release|x64
		{4EBE2006-E65A-4C4B-8C6F-A9B0EBB10096}.MinSizeRel|x86.ActiveCfg = Release|Win32
		{4EBE2006-E65A-4C4B-8C6F-A9B0EBB10096}.MinSizeRel|x86.Build.0 = Release|Win32
		{4EBE2006-E65A-4C4B-8C6F-A9B0EBB10096}.Release|x64.ActiveCfg = Release|x64
		{4EBE2006-E65A-4C4B-8C6F-A9B0EBB10096}.Release|x64.Build.0 = Release|x64
		{4EBE2006-E65A-4C4B-8C6F-A9B0EBB10096}.Release|x86.ActiveCfg = Release|Win32
		{4EBE2006-E65A-4C4B-8C6F-A9B0EBB10096}.Release|x86.Build.0 = Release|Win32
		{4EBE2006-E65A-4C4B-8C6F-A9B0EBB10096}.RelWithDebInfo|x64.ActiveCfg = Release|x64
		{4EBE2006-E65A-4C4B-8C6F-A9B0EBB10096}.RelWithDebInfo|x64.Build.0 = Release|x64
		{4EBE2006-E65A-4C4B-8C6F-A9B0EBB10096}.RelWithDebInfo|x86.ActiveCfg = Release|Win32
		{4EBE2006-E65A-4C4B-8C6F-A9B0EBB10096}.RelWithDebInfo|x86.Build.0 = Release|Win32
		{6A2FE188-52C8-4B13-A3FF-D25EB73E88E4}.Debug|x64.ActiveCfg = Debug|x64
		{6A2FE188-52C8-4B13-A3FF-D25EB73E88E4}.Debug|x64.Build.0 = Debug|x64
		{6A2FE188-52C8-4B13-A3FF-D25EB73E88E4}.Debug|x86.ActiveCfg = Debug|Win32
		{6A2FE188-52C8-4B13-A3FF-D25EB73E88E4}.Debug|x86.Build.0 = Debug|Win32
		{6A2FE188-52C8-4B13-A3FF-D25EB73E88E4}.MinSizeRel|x64.ActiveCfg = Release|x64
		{6A2FE188-52C8-4B13-A3FF-D25EB73E88E4}.MinSizeRel|x64.Build.0 = Release|x64
		{6A2FE188-52C8-4B13-A3FF-D25EB73E88E4}.MinSizeRel|x86.ActiveCfg = Release|Win32
		{6A2FE188-52C8-4B13-A3FF-D25EB73E88E4}.MinSizeRel|x86.Build.0 = Release|Win32
		{6A2FE188-52C8-4B13-A3FF-D25EB73E88E4}.Release|x64.ActiveCfg = Release|x64
		{6A2FE188-52C8-4B13-A3FF-D25EB73E88E4}.Release|x64.Build.0 = Release|x64
		{6A2FE188-52C8-4B13-A3FF-D25EB73E88E4}.Release|x86.ActiveCfg = Release|Win32
		{6A2FE188-52C8-4B13-A3FF-D25EB73E88E4}.Release|x86.Build.0 = Release|Win32
		{6A2FE188-52C8-4B13-A3FF-D25EB73E88E4}.RelWithDebInfo|x64.ActiveCfg = Release|x64
		{6A2FE188-52C8-4B13-A3FF-D25EB73E88E4}.RelWithDebInfo|x64.Build.0 = Release|x64
		{6A2FE188-52C8-4B13-A3FF-D25EB73E88E4}.RelWithDebInfo|x86.ActiveCfg = Release|Win32
		{6A2FE188-52C8-4B13-A3FF-D25EB73E88E4}.RelWithDebInfo|x86.Build.0 = Release|Win32
		{6CD6ED46-8E97-4457-8216-BCBE30843230}.Debug|x64.ActiveCfg = Debug|x64
		{6CD6ED46-8E97-4457-8216-BCBE30843230}.Debug|x64.Build.0 = Debug|x64
		{6CD6ED46-8E97-4457-8216-BCBE30843230}.Debug|x86.ActiveCfg = Debug|Win32
		{6CD6ED46-8E97-4457-8216-BCBE30843230}.Debug|x86.Build.0 = Debug|Win32
		{6CD6ED46-8E97-4457-8216-BCBE30843230}.MinSizeRel|x64.ActiveCfg = Release|x64
		{6CD6ED46-8E97-4457-8216-BCBE30843230}.MinSizeRel|x64.Build.0 = Release|x64
		{6CD6ED46-8E97-4457-8216-BCBE30843230}.MinSizeRel|x86.ActiveCfg = Release|Win32
		{6CD6ED46-8E97-4457-8216-BCBE30843230}.MinSizeRel|x86.Build.0 = Release|Win32
		{6CD6ED46-8E97-4457-8216-BCBE30843230}.Release|x64.ActiveCfg = Release|x64
		{6CD6ED46-8E97-4457-8216-BCBE30843230}.Release|x64.Build.0 = Release|x64
		{6CD6ED46-8E97-4457-8216-BCBE30843230}.Release|x86.ActiveCfg = Release|Win32
		{6CD6ED46-8E97-4457-8216-BCBE30843230}.Release|x86.Build.0 = Release|Win32
		{6CD6ED46-8E97-4457-8216-BCBE30843230}.RelWithDebInfo|x64.ActiveCfg = Release|x64
		{6CD6ED46-8E97-4457-8216-BCBE30843230}.RelWithDebInfo|x64.Build.0 = Release|x64
		{6CD6ED46-8E97-4457-8216-BCBE30843230}.RelWithDebInfo|x86.ActiveCfg = Release|Win32
		{6CD6ED46-8E97-4457-8216-BCBE30843230}.RelWithDebInfo|x86.Build.0 = Release|Win32
	EndGlobalSection
	GlobalSection(SolutionProperties) = preSolution
		HideSolutionNode = FALSE
	EndGlobalSection
	GlobalSection(ExtensibilityGlobals) = postSolution
		SolutionGuid = {53A05C3E-49F8-489E-90CB-9A1CCA1882AC}
	EndGlobalSection
EndGlobal
