<?xml version="1.0" encoding="utf-8"?>
<Project ToolsVersion="4.0" xmlns="http://schemas.microsoft.com/developer/msbuild/2003">
  <ItemGroup>
    <Filter Include="Source Files">
      <UniqueIdentifier>{4FC737F1-C7A5-4376-A066-2A32D752A2FF}</UniqueIdentifier>
      <Extensions>cpp;c;cc;cxx;def;odl;idl;hpj;bat;asm;asmx</Extensions>
    </Filter>
    <Filter Include="Header Files">
      <UniqueIdentifier>{93995380-89BD-4b04-88EB-625FBE52EBFB}</UniqueIdentifier>
      <Extensions>h;hh;hpp;hxx;hm;inl;inc;xsd</Extensions>
    </Filter>
    <Filter Include="Resource Files">
      <UniqueIdentifier>{67DA6AB6-F800-4c08-8B7A-83BB121AAD01}</UniqueIdentifier>
      <Extensions>rc;ico;cur;bmp;dlg;rc2;rct;bin;rgs;gif;jpg;jpeg;jpe;resx;tiff;tif;png;wav;mfcribbon-ms</Extensions>
    </Filter>
  </ItemGroup>
  <ItemGroup>
    <ClCompile Include="src\PhysicsEngine.cpp">
      <Filter>Source Files</Filter>
    </ClCompile>
    <ClCompile Include="src\RigidBodyEngine\AnchoredSpring.cpp">
      <Filter>Source Files</Filter>
    </ClCompile>
    <ClCompile Include="src\RigidBodyEngine\BoundingBox.cpp">
      <Filter>Source Files</Filter>
    </ClCompile>
    <ClCompile Include="src\RigidBodyEngine\BoundingSphere.cpp">
      <Filter>Source Files</Filter>
    </ClCompile>
    <ClCompile Include="src\RigidBodyEngine\BVHNode.cpp">
      <Filter>Source Files</Filter>
    </ClCompile>
    <ClCompile Include="src\RigidBodyEngine\CollisionBox.cpp">
      <Filter>Source Files</Filter>
    </ClCompile>
    <ClCompile Include="src\RigidBodyEngine\CollisionPlane.cpp">
      <Filter>Source Files</Filter>
    </ClCompile>
    <ClCompile Include="src\RigidBodyEngine\CollisionPrimitive.cpp">
      <Filter>Source Files</Filter>
    </ClCompile>
    <ClCompile Include="src\RigidBodyEngine\CollisionSphere.cpp">
      <Filter>Source Files</Filter>
    </ClCompile>
    <ClCompile Include="src\RigidBodyEngine\ContactGenerator.cpp">
      <Filter>Source Files</Filter>
    </ClCompile>
    <ClCompile Include="src\RigidBodyEngine\ContactResolver.cpp">
      <Filter>Source Files</Filter>
    </ClCompile>
    <ClCompile Include="src\RigidBodyEngine\DirectedForce.cpp">
      <Filter>Source Files</Filter>
    </ClCompile>
    <ClCompile Include="src\RigidBodyEngine\ForceRegistry.cpp">
      <Filter>Source Files</Filter>
    </ClCompile>
    <ClCompile Include="src\RigidBodyEngine\Gravity.cpp">
      <Filter>Source Files</Filter>
    </ClCompile>
    <ClCompile Include="src\RigidBodyEngine\RigidBody.cpp">
      <Filter>Source Files</Filter>
    </ClCompile>
    <ClCompile Include="src\RigidBodyEngine\RigidBodyWorld.cpp">
      <Filter>Source Files</Filter>
    </ClCompile>
    <ClCompile Include="src\RigidBodyEngine\Spring.cpp">
      <Filter>Source Files</Filter>
    </ClCompile>
    <ClCompile Include="src\ParticleEngine\ParticleAnchoredSpring.cpp">
      <Filter>Source Files</Filter>
    </ClCompile>
    <ClCompile Include="src\ParticleEngine\ParticleBungee.cpp">
      <Filter>Source Files</Filter>
    </ClCompile>
    <ClCompile Include="src\ParticleEngine\ParticleBuoyancy.cpp">
      <Filter>Source Files</Filter>
    </ClCompile>
    <ClCompile Include="src\ParticleEngine\ParticleCable.cpp">
      <Filter>Source Files</Filter>
    </ClCompile>
    <ClCompile Include="src\ParticleEngine\ParticleCollision.cpp">
      <Filter>Source Files</Filter>
    </ClCompile>
    <ClCompile Include="src\ParticleEngine\ParticleConstraint.cpp">
      <Filter>Source Files</Filter>
    </ClCompile>
    <ClCompile Include="src\ParticleEngine\ParticleContact.cpp">
      <Filter>Source Files</Filter>
    </ClCompile>
    <ClCompile Include="src\ParticleEngine\ParticleContactGenerator.cpp">
      <Filter>Source Files</Filter>
    </ClCompile>
    <ClCompile Include="src\ParticleEngine\ParticleContactResolver.cpp">
      <Filter>Source Files</Filter>
    </ClCompile>
    <ClCompile Include="src\ParticleEngine\ParticleDrag.cpp">
      <Filter>Source Files</Filter>
    </ClCompile>
    <ClCompile Include="src\ParticleEngine\ParticleForceGenerator.cpp">
      <Filter>Source Files</Filter>
    </ClCompile>
    <ClCompile Include="src\ParticleEngine\ParticleForceRegistry.cpp">
      <Filter>Source Files</Filter>
    </ClCompile>
    <ClCompile Include="src\ParticleEngine\ParticleGravity.cpp">
      <Filter>Source Files</Filter>
    </ClCompile>
    <ClCompile Include="src\ParticleEngine\ParticleLink.cpp">
      <Filter>Source Files</Filter>
    </ClCompile>
    <ClCompile Include="src\ParticleEngine\ParticleSpring.cpp">
      <Filter>Source Files</Filter>
    </ClCompile>
    <ClCompile Include="src\ParticleEngine\ParticleWorld.cpp">
      <Filter>Source Files</Filter>
    </ClCompile>
    <ClCompile Include="src\PhysicsEngineModule.cpp">
      <Filter>Source Files</Filter>
    </ClCompile>
    <ClCompile Include="src\ParticleEngine\ParticleRod.cpp">
      <Filter>Source Files</Filter>
    </ClCompile>
    <ClCompile Include="src\RigidBodyEngine\ForceGenerator.cpp">
      <Filter>Source Files</Filter>
    </ClCompile>
    <ClCompile Include="src\IComputationInterface.cpp">
      <Filter>Source Files</Filter>
    </ClCompile>
    <ClCompile Include="src\ParticleEngine\DefaultParticleEngineCI.cpp">
      <Filter>Source Files</Filter>
    </ClCompile>
    <ClCompile Include="src\ParticleEngine\ParticleEngineCI.cpp">
      <Filter>Source Files</Filter>
    </ClCompile>
    <ClCompile Include="src\RigidBodyEngine\RigidBodyEngineCI.cpp">
      <Filter>Source Files</Filter>
    </ClCompile>
    <ClCompile Include="src\RigidBodyEngine\CollisionDetection\IBroadPhaseFilter.cpp">
      <Filter>Source Files</Filter>
    </ClCompile>
    <ClCompile Include="src\RigidBodyEngine\CollisionDetection\INarrowPhaseFilter.cpp">
      <Filter>Source Files</Filter>
    </ClCompile>
    <ClCompile Include="src\RigidBodyEngine\CollisionDetection\IIntermediatePhaseFilter.cpp">
      <Filter>Source Files</Filter>
    </ClCompile>
    <ClCompile Include="src\RigidBodyEngine\CollisionDetectorOld.cpp">
      <Filter>Source Files</Filter>
    </ClCompile>
    <ClCompile Include="src\RigidBodyEngine\CollisionDetection\CollisionDetector.cpp">
      <Filter>Source Files</Filter>
    </ClCompile>
    <ClCompile Include="src\RigidBodyEngine\CollisionDetection\INarrowPhaseAlgorithm.cpp">
      <Filter>Source Files</Filter>
    </ClCompile>
    <ClCompile Include="src\RigidBodyEngine\CollisionDetection\IBoxSphereNarrowAlgorithm.cpp">
      <Filter>Source Files</Filter>
    </ClCompile>
    <ClCompile Include="src\RigidBodyEngine\CollisionDetection\IBoxBoxNarrowAlgorithm.cpp">
      <Filter>Source Files</Filter>
    </ClCompile>
    <ClCompile Include="src\RigidBodyEngine\CollisionDetection\NarrowPhaseFilter.cpp">
      <Filter>Source Files</Filter>
    </ClCompile>
    <ClCompile Include="src\RigidBodyEngine\CollisionDetection\ISphereSphereNarrowAlgorithm.cpp">
      <Filter>Source Files</Filter>
    </ClCompile>
    <ClCompile Include="src\RigidBodyEngine\CollisionDetection\BoxBoxNarrowAlgorithm.cpp">
      <Filter>Source Files</Filter>
    </ClCompile>
    <ClCompile Include="src\RigidBodyEngine\CollisionDetection\BoxSphereNarrowAlgorithm.cpp">
      <Filter>Source Files</Filter>
    </ClCompile>
    <ClCompile Include="src\RigidBodyEngine\CollisionDetection\SphereSphereNarrowAlgorithm.cpp">
      <Filter>Source Files</Filter>
    </ClCompile>
    <ClCompile Include="src\ParticleEngine\ParticleContactGeneratorRegistry.cpp">
      <Filter>Source Files</Filter>
    </ClCompile>
    <ClCompile Include="src\RigidBodyEngine\DefaultRigidBodyEngineCI.cpp">
      <Filter>Source Files</Filter>
    </ClCompile>
    <ClCompile Include="src\RigidBodyEngine\CollisionDetection\BroadPhaseFilter.cpp">
      <Filter>Source Files</Filter>
    </ClCompile>
    <ClCompile Include="src\RigidBodyEngine\CollisionObject.cpp">
      <Filter>Source Files</Filter>
    </ClCompile>
    <ClCompile Include="src\Transform3D.cpp">
      <Filter>Source Files</Filter>
    </ClCompile>
    <ClCompile Include="src\Utility\InertiaTensorGenerator.cpp">
      <Filter>Source Files</Filter>
    </ClCompile>
    <ClCompile Include="src\Utility\Random.cpp">
      <Filter>Source Files</Filter>
    </ClCompile>
    <ClCompile Include="src\RigidBodyEngine\CollisionResolution\CollisionResolver.cpp">
      <Filter>Source Files</Filter>
    </ClCompile>
    <ClCompile Include="src\RigidBodyEngine\CollisionResolution\FrictionResolver.cpp">
      <Filter>Source Files</Filter>
    </ClCompile>
    <ClCompile Include="src\RigidBodyEngine\CollisionResolution\InterpenetrationResolver.cpp">
      <Filter>Source Files</Filter>
    </ClCompile>
    <ClCompile Include="src\RigidBodyEngine\CollisionResolution\VelocityResolver.cpp">
      <Filter>Source Files</Filter>
    </ClCompile>
    <ClCompile Include="src\RigidBodyEngine\CollisionResolution\ICollisionResolutionFilter.cpp">
      <Filter>Source Files</Filter>
    </ClCompile>
    <ClCompile Include="src\RigidBodyEngine\PhysicsMaterial.cpp">
      <Filter>Source Files</Filter>
    </ClCompile>
    <ClCompile Include="src\RigidBodyEngine\CollisionDetection\CollisionMask.cpp">
      <Filter>Source Files</Filter>
    </ClCompile>
    <ClCompile Include="src\RigidBodyEngine\CollisionResolution\ICollisionResolverAccess.cpp">
      <Filter>Source Files</Filter>
    </ClCompile>
    <ClCompile Include="src\RigidBodyEngine\CollisionDataOld.cpp">
      <Filter>Source Files</Filter>
    </ClCompile>
    <ClCompile Include="src\ParticleEngine\Particle.cpp">
      <Filter>Source Files</Filter>
    </ClCompile>
    <ClCompile Include="src\ParticleEngine\ParticleDef.cpp">
      <Filter>Source Files</Filter>
    </ClCompile>
    <ClCompile Include="src\RigidBodyEngine\RigidBodyDef.cpp">
      <Filter>Source Files</Filter>
    </ClCompile>
    <ClCompile Include="src\ServiceLocator\ServiceLocatorComputationInterface.cpp">
      <Filter>Source Files</Filter>
    </ClCompile>
    <ClCompile Include="src\RigidBodyEngine\CollisionDetection\BroadPhaseCollisionData.cpp">
      <Filter>Source Files</Filter>
    </ClCompile>
    <ClCompile Include="src\RigidBodyEngine\CollisionDetection\CollisionData.cpp">
      <Filter>Source Files</Filter>
    </ClCompile>
    <ClCompile Include="src\RigidBodyEngine\ContactOld.cpp">
      <Filter>Source Files</Filter>
    </ClCompile>
    <ClCompile Include="src\RigidBodyEngine\CollisionDetection\Contact.cpp">
      <Filter>Source Files</Filter>
    </ClCompile>
    <ClCompile Include="src\RigidBodyEngine\CollisionDetection\CollisionAlgorithmMatrix.cpp">
      <Filter>Source Files</Filter>
    </ClCompile>
    <ClCompile Include="src\ServiceLocator\ServiceLocatorCollisionAlgorithmMatrix.cpp">
      <Filter>Source Files</Filter>
    </ClCompile>
  </ItemGroup>
  <ItemGroup>
    <ClInclude Include="include\R3D\RigidBodyEngine\AnchoredSpring.h">
      <Filter>Header Files</Filter>
    </ClInclude>
    <ClInclude Include="include\R3D\RigidBodyEngine\BoundingBox.h">
      <Filter>Header Files</Filter>
    </ClInclude>
    <ClInclude Include="include\R3D\RigidBodyEngine\BoundingSphere.h">
      <Filter>Header Files</Filter>
    </ClInclude>
    <ClInclude Include="include\R3D\RigidBodyEngine\BVHNode.h">
      <Filter>Header Files</Filter>
    </ClInclude>
    <ClInclude Include="include\R3D\RigidBodyEngine\CollisionBox.h">
      <Filter>Header Files</Filter>
    </ClInclude>
    <ClInclude Include="include\R3D\RigidBodyEngine\CollisionPlane.h">
      <Filter>Header Files</Filter>
    </ClInclude>
    <ClInclude Include="include\R3D\RigidBodyEngine\CollisionPrimitive.h">
      <Filter>Header Files</Filter>
    </ClInclude>
    <ClInclude Include="include\R3D\RigidBodyEngine\CollisionSphere.h">
      <Filter>Header Files</Filter>
    </ClInclude>
    <ClInclude Include="include\R3D\RigidBodyEngine\ContactGenerator.h">
      <Filter>Header Files</Filter>
    </ClInclude>
    <ClInclude Include="include\R3D\RigidBodyEngine\ContactResolver.h">
      <Filter>Header Files</Filter>
    </ClInclude>
    <ClInclude Include="include\R3D\RigidBodyEngine\DirectedForce.h">
      <Filter>Header Files</Filter>
    </ClInclude>
    <ClInclude Include="include\R3D\RigidBodyEngine\ForceGenerator.h">
      <Filter>Header Files</Filter>
    </ClInclude>
    <ClInclude Include="include\R3D\RigidBodyEngine\ForceRegistry.h">
      <Filter>Header Files</Filter>
    </ClInclude>
    <ClInclude Include="include\R3D\RigidBodyEngine\Gravity.h">
      <Filter>Header Files</Filter>
    </ClInclude>
    <ClInclude Include="include\R3D\RigidBodyEngine\RigidBody.h">
      <Filter>Header Files</Filter>
    </ClInclude>
    <ClInclude Include="include\R3D\RigidBodyEngine\RigidBodyWorld.h">
      <Filter>Header Files</Filter>
    </ClInclude>
    <ClInclude Include="include\R3D\RigidBodyEngine\Spring.h">
      <Filter>Header Files</Filter>
    </ClInclude>
    <ClInclude Include="include\R3D\ParticleEngine\ParticleAnchoredSpring.h">
      <Filter>Header Files</Filter>
    </ClInclude>
    <ClInclude Include="include\R3D\ParticleEngine\ParticleBungee.h">
      <Filter>Header Files</Filter>
    </ClInclude>
    <ClInclude Include="include\R3D\ParticleEngine\ParticleBuoyancy.h">
      <Filter>Header Files</Filter>
    </ClInclude>
    <ClInclude Include="include\R3D\ParticleEngine\ParticleCable.h">
      <Filter>Header Files</Filter>
    </ClInclude>
    <ClInclude Include="include\R3D\ParticleEngine\ParticleCollision.h">
      <Filter>Header Files</Filter>
    </ClInclude>
    <ClInclude Include="include\R3D\ParticleEngine\ParticleConstraint.h">
      <Filter>Header Files</Filter>
    </ClInclude>
    <ClInclude Include="include\R3D\ParticleEngine\ParticleContact.h">
      <Filter>Header Files</Filter>
    </ClInclude>
    <ClInclude Include="include\R3D\ParticleEngine\ParticleContactGenerator.h">
      <Filter>Header Files</Filter>
    </ClInclude>
    <ClInclude Include="include\R3D\ParticleEngine\ParticleContactResolver.h">
      <Filter>Header Files</Filter>
    </ClInclude>
    <ClInclude Include="include\R3D\ParticleEngine\ParticleDrag.h">
      <Filter>Header Files</Filter>
    </ClInclude>
    <ClInclude Include="include\R3D\ParticleEngine\ParticleForceGenerator.h">
      <Filter>Header Files</Filter>
    </ClInclude>
    <ClInclude Include="include\R3D\ParticleEngine\ParticleForceRegistry.h">
      <Filter>Header Files</Filter>
    </ClInclude>
    <ClInclude Include="include\R3D\ParticleEngine\ParticleGravity.h">
      <Filter>Header Files</Filter>
    </ClInclude>
    <ClInclude Include="include\R3D\ParticleEngine\ParticleLink.h">
      <Filter>Header Files</Filter>
    </ClInclude>
    <ClInclude Include="include\R3D\ParticleEngine\ParticleRod.h">
      <Filter>Header Files</Filter>
    </ClInclude>
    <ClInclude Include="include\R3D\ParticleEngine\ParticleSpring.h">
      <Filter>Header Files</Filter>
    </ClInclude>
    <ClInclude Include="include\R3D\ParticleEngine\ParticleWorld.h">
      <Filter>Header Files</Filter>
    </ClInclude>
    <ClInclude Include="include\R3D\PhysicsEngine.h">
      <Filter>Header Files</Filter>
    </ClInclude>
    <ClInclude Include="include\R3D\Common\Precision.h">
      <Filter>Header Files</Filter>
    </ClInclude>
    <ClInclude Include="include\R3D\Common\Config.h">
      <Filter>Header Files</Filter>
    </ClInclude>
    <ClInclude Include="include\R3D\PhysicsEngineModule.h">
      <Filter>Header Files</Filter>
    </ClInclude>
    <ClInclude Include="include\R3D\IComputationInterface.h">
      <Filter>Header Files</Filter>
    </ClInclude>
    <ClInclude Include="include\R3D\ParticleEngine\DefaultParticleEngineCI.h">
      <Filter>Header Files</Filter>
    </ClInclude>
    <ClInclude Include="include\R3D\ParticleEngine\ParticleEngineCI.h">
      <Filter>Header Files</Filter>
    </ClInclude>
    <ClInclude Include="include\R3D\RigidBodyEngine\RigidBodyEngineCI.h">
      <Filter>Header Files</Filter>
    </ClInclude>
    <ClInclude Include="include\R3D\Common\Common.h">
      <Filter>Header Files</Filter>
    </ClInclude>
    <ClInclude Include="include\R3D\RigidBodyEngine\CollisionDetection\IBroadPhaseFilter.h">
      <Filter>Header Files</Filter>
    </ClInclude>
    <ClInclude Include="include\R3D\RigidBodyEngine\CollisionDetection\INarrowPhaseFilter.h">
      <Filter>Header Files</Filter>
    </ClInclude>
    <ClInclude Include="include\R3D\RigidBodyEngine\CollisionDetection\IIntermediatePhaseFilter.h">
      <Filter>Header Files</Filter>
    </ClInclude>
    <ClInclude Include="include\R3D\RigidBodyEngine\CollisionDetectorOld.h">
      <Filter>Header Files</Filter>
    </ClInclude>
    <ClInclude Include="include\R3D\RigidBodyEngine\CollisionDetection\CollisionDetector.h">
      <Filter>Header Files</Filter>
    </ClInclude>
    <ClInclude Include="include\R3D\RigidBodyEngine\CollisionDetection\INarrowPhaseAlgorithm.h">
      <Filter>Header Files</Filter>
    </ClInclude>
    <ClInclude Include="include\R3D\RigidBodyEngine\CollisionDetection\IBoxBoxNarrowAlgorithm.h">
      <Filter>Header Files</Filter>
    </ClInclude>
    <ClInclude Include="include\R3D\RigidBodyEngine\CollisionDetection\IBoxSphereNarrowAlgorithm.h">
      <Filter>Header Files</Filter>
    </ClInclude>
    <ClInclude Include="include\R3D\RigidBodyEngine\CollisionDetection\NarrowPhaseFilter.h">
      <Filter>Header Files</Filter>
    </ClInclude>
    <ClInclude Include="include\R3D\RigidBodyEngine\CollisionDetection\ISphereSphereNarrowAlgorithm.h">
      <Filter>Header Files</Filter>
    </ClInclude>
    <ClInclude Include="include\R3D\RigidBodyEngine\CollisionDetection\BoxBoxNarrowAlgorithm.h">
      <Filter>Header Files</Filter>
    </ClInclude>
    <ClInclude Include="include\R3D\RigidBodyEngine\CollisionDetection\BoxSphereNarrowAlgorithm.h">
      <Filter>Header Files</Filter>
    </ClInclude>
    <ClInclude Include="include\R3D\RigidBodyEngine\CollisionDetection\SphereSphereNarrowAlgorithm.h">
      <Filter>Header Files</Filter>
    </ClInclude>
    <ClInclude Include="include\R3D\ParticleEngine\ParticleContactGeneratorRegistry.h">
      <Filter>Header Files</Filter>
    </ClInclude>
    <ClInclude Include="include\R3D\RigidBodyEngine\DefaultRigidBodyEngineCI.h">
      <Filter>Header Files</Filter>
    </ClInclude>
    <ClInclude Include="include\R3D\RigidBodyEngine\CollisionDetection\BroadPhaseFilter.h">
      <Filter>Header Files</Filter>
    </ClInclude>
    <ClInclude Include="include\R3D\RigidBodyEngine\CollisionObject.h">
      <Filter>Header Files</Filter>
    </ClInclude>
    <ClInclude Include="include\R3D\Transform3D.h">
      <Filter>Header Files</Filter>
    </ClInclude>
    <ClInclude Include="include\R3D\Utility\InertiaTensorGenerator.h">
      <Filter>Header Files</Filter>
    </ClInclude>
    <ClInclude Include="include\R3D\Utility\Random.h">
      <Filter>Header Files</Filter>
    </ClInclude>
    <ClInclude Include="include\R3D\RigidBodyEngine\CollisionResolution\CollisionResolver.h">
      <Filter>Header Files</Filter>
    </ClInclude>
    <ClInclude Include="include\R3D\RigidBodyEngine\CollisionResolution\VelocityResolver.h">
      <Filter>Header Files</Filter>
    </ClInclude>
    <ClInclude Include="include\R3D\RigidBodyEngine\CollisionResolution\FrictionResolver.h">
      <Filter>Header Files</Filter>
    </ClInclude>
    <ClInclude Include="include\R3D\RigidBodyEngine\CollisionResolution\InterpenetrationResolver.h">
      <Filter>Header Files</Filter>
    </ClInclude>
    <ClInclude Include="include\R3D\RigidBodyEngine\CollisionResolution\ICollisionResolutionFilter.h">
      <Filter>Header Files</Filter>
    </ClInclude>
    <ClInclude Include="include\R3D\RigidBodyEngine\PhysicsMaterial.h">
      <Filter>Header Files</Filter>
    </ClInclude>
    <ClInclude Include="include\R3D\RigidBodyEngine\CollisionDetection\CollisionMask.h">
      <Filter>Header Files</Filter>
    </ClInclude>
    <ClInclude Include="include\R3D\RigidBodyEngine\RigidBodyDef.h">
      <Filter>Header Files</Filter>
    </ClInclude>
    <ClInclude Include="include\R3D\RigidBodyEngine\CollisionResolution\ICollisionResolverAccess.h">
      <Filter>Header Files</Filter>
    </ClInclude>
    <ClInclude Include="include\R3D\RigidBodyEngine\CollisionDataOld.h">
      <Filter>Header Files</Filter>
    </ClInclude>
    <ClInclude Include="include\R3D\ParticleEngine\Particle.h">
      <Filter>Header Files</Filter>
    </ClInclude>
    <ClInclude Include="include\R3D\ParticleEngine\ParticleDef.h">
      <Filter>Header Files</Filter>
    </ClInclude>
    <ClInclude Include="include\R3D\ServiceLocator\ServiceLocatorComputationInterface.h">
      <Filter>Header Files</Filter>
    </ClInclude>
    <ClInclude Include="include\R3D\RigidBodyEngine\CollisionDetection\CollisionPair.h">
      <Filter>Header Files</Filter>
    </ClInclude>
    <ClInclude Include="include\R3D\RigidBodyEngine\CollisionDetection\BroadPhaseCollisionData.h">
      <Filter>Header Files</Filter>
    </ClInclude>
    <ClInclude Include="include\R3D\RigidBodyEngine\CollisionDetection\CollisionData.h">
      <Filter>Header Files</Filter>
    </ClInclude>
    <ClInclude Include="include\R3D\RigidBodyEngine\ContactOld.h">
      <Filter>Header Files</Filter>
    </ClInclude>
    <ClInclude Include="include\R3D\RigidBodyEngine\CollisionDetection\Contact.h">
      <Filter>Header Files</Filter>
    </ClInclude>
    <ClInclude Include="include\R3D\RigidBodyEngine\CollisionDetection\CollisionAlgorithmMatrix.h">
      <Filter>Header Files</Filter>
    </ClInclude>
    <ClInclude Include="include\R3D\RigidBodyEngine\CollisionDetection\CollisionPrimitiveType.h">
      <Filter>Header Files</Filter>
    </ClInclude>
    <ClInclude Include="include\R3D\ServiceLocator\ServiceLocatorCollisionAlgorithmMatrix.h">
      <Filter>Header Files</Filter>
    </ClInclude>
  </ItemGroup>
  <ItemGroup>
    <None Include="packages.config" />
  </ItemGroup>
</Project>